// !$*UTF8*$!
{
	archiveVersion = 1;
	classes = {
	};
	objectVersion = 51;
	objects = {

/* Begin PBXBuildFile section */
		597515615E61D7B3B5536C83 /* Pods_Parstagram.framework in Frameworks */ = {isa = PBXBuildFile; fileRef = F226EF2324B94D867206E198 /* Pods_Parstagram.framework */; };
		84C9D37226042D86008D16D9 /* AppDelegate.swift in Sources */ = {isa = PBXBuildFile; fileRef = 84C9D37126042D86008D16D9 /* AppDelegate.swift */; };
		84C9D37426042D86008D16D9 /* SceneDelegate.swift in Sources */ = {isa = PBXBuildFile; fileRef = 84C9D37326042D86008D16D9 /* SceneDelegate.swift */; };
		84C9D37926042D86008D16D9 /* Main.storyboard in Resources */ = {isa = PBXBuildFile; fileRef = 84C9D37726042D86008D16D9 /* Main.storyboard */; };
		84C9D37B26042D87008D16D9 /* Assets.xcassets in Resources */ = {isa = PBXBuildFile; fileRef = 84C9D37A26042D87008D16D9 /* Assets.xcassets */; };
		84C9D37E26042D87008D16D9 /* LaunchScreen.storyboard in Resources */ = {isa = PBXBuildFile; fileRef = 84C9D37C26042D87008D16D9 /* LaunchScreen.storyboard */; };
		84C9D38926042D88008D16D9 /* ParstagramTests.swift in Sources */ = {isa = PBXBuildFile; fileRef = 84C9D38826042D88008D16D9 /* ParstagramTests.swift */; };
		84C9D39426042D88008D16D9 /* ParstagramUITests.swift in Sources */ = {isa = PBXBuildFile; fileRef = 84C9D39326042D88008D16D9 /* ParstagramUITests.swift */; };
		84C9D3AF26043B2B008D16D9 /* LoginViewController.swift in Sources */ = {isa = PBXBuildFile; fileRef = 84C9D3AE26043B2B008D16D9 /* LoginViewController.swift */; };
		84C9D3B426043B50008D16D9 /* FeedViewController.swift in Sources */ = {isa = PBXBuildFile; fileRef = 84C9D3B326043B50008D16D9 /* FeedViewController.swift */; };
		84C9D3B9260445ED008D16D9 /* CameraViewController.swift in Sources */ = {isa = PBXBuildFile; fileRef = 84C9D3B8260445ED008D16D9 /* CameraViewController.swift */; };
		84C9D3C7260456C1008D16D9 /* PostCell.swift in Sources */ = {isa = PBXBuildFile; fileRef = 84C9D3C6260456C1008D16D9 /* PostCell.swift */; };
		84F41797260F970E001FB342 /* CommentCell.swift in Sources */ = {isa = PBXBuildFile; fileRef = 84F41796260F970E001FB342 /* CommentCell.swift */; };
/* End PBXBuildFile section */

/* Begin PBXContainerItemProxy section */
		84C9D38526042D88008D16D9 /* PBXContainerItemProxy */ = {
			isa = PBXContainerItemProxy;
			containerPortal = 84C9D36626042D86008D16D9 /* Project object */;
			proxyType = 1;
			remoteGlobalIDString = 84C9D36D26042D86008D16D9;
			remoteInfo = Parstagram;
		};
		84C9D39026042D88008D16D9 /* PBXContainerItemProxy */ = {
			isa = PBXContainerItemProxy;
			containerPortal = 84C9D36626042D86008D16D9 /* Project object */;
			proxyType = 1;
			remoteGlobalIDString = 84C9D36D26042D86008D16D9;
			remoteInfo = Parstagram;
		};
/* End PBXContainerItemProxy section */

/* Begin PBXFileReference section */
		3F0879905A929FF8498EBA9B /* Pods-Parstagram.release.xcconfig */ = {isa = PBXFileReference; includeInIndex = 1; lastKnownFileType = text.xcconfig; name = "Pods-Parstagram.release.xcconfig"; path = "Target Support Files/Pods-Parstagram/Pods-Parstagram.release.xcconfig"; sourceTree = "<group>"; };
		84C9D36E26042D86008D16D9 /* Parstagram.app */ = {isa = PBXFileReference; explicitFileType = wrapper.application; includeInIndex = 0; path = Parstagram.app; sourceTree = BUILT_PRODUCTS_DIR; };
		84C9D37126042D86008D16D9 /* AppDelegate.swift */ = {isa = PBXFileReference; lastKnownFileType = sourcecode.swift; path = AppDelegate.swift; sourceTree = "<group>"; };
		84C9D37326042D86008D16D9 /* SceneDelegate.swift */ = {isa = PBXFileReference; lastKnownFileType = sourcecode.swift; path = SceneDelegate.swift; sourceTree = "<group>"; };
		84C9D37826042D86008D16D9 /* Base */ = {isa = PBXFileReference; lastKnownFileType = file.storyboard; name = Base; path = Base.lproj/Main.storyboard; sourceTree = "<group>"; };
		84C9D37A26042D87008D16D9 /* Assets.xcassets */ = {isa = PBXFileReference; lastKnownFileType = folder.assetcatalog; path = Assets.xcassets; sourceTree = "<group>"; };
		84C9D37D26042D87008D16D9 /* Base */ = {isa = PBXFileReference; lastKnownFileType = file.storyboard; name = Base; path = Base.lproj/LaunchScreen.storyboard; sourceTree = "<group>"; };
		84C9D37F26042D87008D16D9 /* Info.plist */ = {isa = PBXFileReference; lastKnownFileType = text.plist.xml; path = Info.plist; sourceTree = "<group>"; };
		84C9D38426042D88008D16D9 /* ParstagramTests.xctest */ = {isa = PBXFileReference; explicitFileType = wrapper.cfbundle; includeInIndex = 0; path = ParstagramTests.xctest; sourceTree = BUILT_PRODUCTS_DIR; };
		84C9D38826042D88008D16D9 /* ParstagramTests.swift */ = {isa = PBXFileReference; lastKnownFileType = sourcecode.swift; path = ParstagramTests.swift; sourceTree = "<group>"; };
		84C9D38A26042D88008D16D9 /* Info.plist */ = {isa = PBXFileReference; lastKnownFileType = text.plist.xml; path = Info.plist; sourceTree = "<group>"; };
		84C9D38F26042D88008D16D9 /* ParstagramUITests.xctest */ = {isa = PBXFileReference; explicitFileType = wrapper.cfbundle; includeInIndex = 0; path = ParstagramUITests.xctest; sourceTree = BUILT_PRODUCTS_DIR; };
		84C9D39326042D88008D16D9 /* ParstagramUITests.swift */ = {isa = PBXFileReference; lastKnownFileType = sourcecode.swift; path = ParstagramUITests.swift; sourceTree = "<group>"; };
		84C9D39526042D88008D16D9 /* Info.plist */ = {isa = PBXFileReference; lastKnownFileType = text.plist.xml; path = Info.plist; sourceTree = "<group>"; };
		84C9D3AE26043B2B008D16D9 /* LoginViewController.swift */ = {isa = PBXFileReference; lastKnownFileType = sourcecode.swift; path = LoginViewController.swift; sourceTree = "<group>"; };
		84C9D3B326043B50008D16D9 /* FeedViewController.swift */ = {isa = PBXFileReference; lastKnownFileType = sourcecode.swift; path = FeedViewController.swift; sourceTree = "<group>"; };
		84C9D3B8260445ED008D16D9 /* CameraViewController.swift */ = {isa = PBXFileReference; lastKnownFileType = sourcecode.swift; path = CameraViewController.swift; sourceTree = "<group>"; };
		84C9D3C6260456C1008D16D9 /* PostCell.swift */ = {isa = PBXFileReference; lastKnownFileType = sourcecode.swift; path = PostCell.swift; sourceTree = "<group>"; };
		84F41796260F970E001FB342 /* CommentCell.swift */ = {isa = PBXFileReference; lastKnownFileType = sourcecode.swift; path = CommentCell.swift; sourceTree = "<group>"; };
		A4FEDFA3ACA7D7A816D4CE66 /* Pods-Parstagram.debug.xcconfig */ = {isa = PBXFileReference; includeInIndex = 1; lastKnownFileType = text.xcconfig; name = "Pods-Parstagram.debug.xcconfig"; path = "Target Support Files/Pods-Parstagram/Pods-Parstagram.debug.xcconfig"; sourceTree = "<group>"; };
		F226EF2324B94D867206E198 /* Pods_Parstagram.framework */ = {isa = PBXFileReference; explicitFileType = wrapper.framework; includeInIndex = 0; path = Pods_Parstagram.framework; sourceTree = BUILT_PRODUCTS_DIR; };
/* End PBXFileReference section */

/* Begin PBXFrameworksBuildPhase section */
		84C9D36B26042D86008D16D9 /* Frameworks */ = {
			isa = PBXFrameworksBuildPhase;
			buildActionMask = 2147483647;
			files = (
				597515615E61D7B3B5536C83 /* Pods_Parstagram.framework in Frameworks */,
			);
			runOnlyForDeploymentPostprocessing = 0;
		};
		84C9D38126042D88008D16D9 /* Frameworks */ = {
			isa = PBXFrameworksBuildPhase;
			buildActionMask = 2147483647;
			files = (
			);
			runOnlyForDeploymentPostprocessing = 0;
		};
		84C9D38C26042D88008D16D9 /* Frameworks */ = {
			isa = PBXFrameworksBuildPhase;
			buildActionMask = 2147483647;
			files = (
			);
			runOnlyForDeploymentPostprocessing = 0;
		};
/* End PBXFrameworksBuildPhase section */

/* Begin PBXGroup section */
		84C9D36526042D86008D16D9 = {
			isa = PBXGroup;
			children = (
				84C9D37026042D86008D16D9 /* Parstagram */,
				84C9D38726042D88008D16D9 /* ParstagramTests */,
				84C9D39226042D88008D16D9 /* ParstagramUITests */,
				84C9D36F26042D86008D16D9 /* Products */,
				FE2E34358273D613C4ED916C /* Pods */,
				9878E58FA1B7D6622D3203C9 /* Frameworks */,
			);
			sourceTree = "<group>";
		};
		84C9D36F26042D86008D16D9 /* Products */ = {
			isa = PBXGroup;
			children = (
				84C9D36E26042D86008D16D9 /* Parstagram.app */,
				84C9D38426042D88008D16D9 /* ParstagramTests.xctest */,
				84C9D38F26042D88008D16D9 /* ParstagramUITests.xctest */,
			);
			name = Products;
			sourceTree = "<group>";
		};
		84C9D37026042D86008D16D9 /* Parstagram */ = {
			isa = PBXGroup;
			children = (
				84C9D37126042D86008D16D9 /* AppDelegate.swift */,
				84C9D37326042D86008D16D9 /* SceneDelegate.swift */,
				84C9D37726042D86008D16D9 /* Main.storyboard */,
				84C9D37A26042D87008D16D9 /* Assets.xcassets */,
				84C9D37C26042D87008D16D9 /* LaunchScreen.storyboard */,
				84C9D37F26042D87008D16D9 /* Info.plist */,
				84C9D3AE26043B2B008D16D9 /* LoginViewController.swift */,
				84C9D3B326043B50008D16D9 /* FeedViewController.swift */,
				84C9D3B8260445ED008D16D9 /* CameraViewController.swift */,
				84C9D3C6260456C1008D16D9 /* PostCell.swift */,
				84F41796260F970E001FB342 /* CommentCell.swift */,
			);
			path = Parstagram;
			sourceTree = "<group>";
		};
		84C9D38726042D88008D16D9 /* ParstagramTests */ = {
			isa = PBXGroup;
			children = (
				84C9D38826042D88008D16D9 /* ParstagramTests.swift */,
				84C9D38A26042D88008D16D9 /* Info.plist */,
			);
			path = ParstagramTests;
			sourceTree = "<group>";
		};
		84C9D39226042D88008D16D9 /* ParstagramUITests */ = {
			isa = PBXGroup;
			children = (
				84C9D39326042D88008D16D9 /* ParstagramUITests.swift */,
				84C9D39526042D88008D16D9 /* Info.plist */,
			);
			path = ParstagramUITests;
			sourceTree = "<group>";
		};
		9878E58FA1B7D6622D3203C9 /* Frameworks */ = {
			isa = PBXGroup;
			children = (
				F226EF2324B94D867206E198 /* Pods_Parstagram.framework */,
			);
			name = Frameworks;
			sourceTree = "<group>";
		};
		FE2E34358273D613C4ED916C /* Pods */ = {
			isa = PBXGroup;
			children = (
				A4FEDFA3ACA7D7A816D4CE66 /* Pods-Parstagram.debug.xcconfig */,
				3F0879905A929FF8498EBA9B /* Pods-Parstagram.release.xcconfig */,
			);
			path = Pods;
			sourceTree = "<group>";
		};
/* End PBXGroup section */

/* Begin PBXNativeTarget section */
		84C9D36D26042D86008D16D9 /* Parstagram */ = {
			isa = PBXNativeTarget;
			buildConfigurationList = 84C9D39826042D88008D16D9 /* Build configuration list for PBXNativeTarget "Parstagram" */;
			buildPhases = (
				99A0F591EA39BF2E3F33DF70 /* [CP] Check Pods Manifest.lock */,
				84C9D36A26042D86008D16D9 /* Sources */,
				84C9D36B26042D86008D16D9 /* Frameworks */,
				84C9D36C26042D86008D16D9 /* Resources */,
				E6D54F6E40E8EDC29F42C6D1 /* [CP] Embed Pods Frameworks */,
			);
			buildRules = (
			);
			dependencies = (
			);
			name = Parstagram;
			productName = Parstagram;
			productReference = 84C9D36E26042D86008D16D9 /* Parstagram.app */;
			productType = "com.apple.product-type.application";
		};
		84C9D38326042D88008D16D9 /* ParstagramTests */ = {
			isa = PBXNativeTarget;
			buildConfigurationList = 84C9D39B26042D88008D16D9 /* Build configuration list for PBXNativeTarget "ParstagramTests" */;
			buildPhases = (
				84C9D38026042D88008D16D9 /* Sources */,
				84C9D38126042D88008D16D9 /* Frameworks */,
				84C9D38226042D88008D16D9 /* Resources */,
			);
			buildRules = (
			);
			dependencies = (
				84C9D38626042D88008D16D9 /* PBXTargetDependency */,
			);
			name = ParstagramTests;
			productName = ParstagramTests;
			productReference = 84C9D38426042D88008D16D9 /* ParstagramTests.xctest */;
			productType = "com.apple.product-type.bundle.unit-test";
		};
		84C9D38E26042D88008D16D9 /* ParstagramUITests */ = {
			isa = PBXNativeTarget;
			buildConfigurationList = 84C9D39E26042D88008D16D9 /* Build configuration list for PBXNativeTarget "ParstagramUITests" */;
			buildPhases = (
				84C9D38B26042D88008D16D9 /* Sources */,
				84C9D38C26042D88008D16D9 /* Frameworks */,
				84C9D38D26042D88008D16D9 /* Resources */,
			);
			buildRules = (
			);
			dependencies = (
				84C9D39126042D88008D16D9 /* PBXTargetDependency */,
			);
			name = ParstagramUITests;
			productName = ParstagramUITests;
			productReference = 84C9D38F26042D88008D16D9 /* ParstagramUITests.xctest */;
			productType = "com.apple.product-type.bundle.ui-testing";
		};
/* End PBXNativeTarget section */

/* Begin PBXProject section */
		84C9D36626042D86008D16D9 /* Project object */ = {
			isa = PBXProject;
			attributes = {
				LastSwiftUpdateCheck = 1240;
				LastUpgradeCheck = 1240;
				TargetAttributes = {
					84C9D36D26042D86008D16D9 = {
						CreatedOnToolsVersion = 12.4;
					};
					84C9D38326042D88008D16D9 = {
						CreatedOnToolsVersion = 12.4;
						TestTargetID = 84C9D36D26042D86008D16D9;
					};
					84C9D38E26042D88008D16D9 = {
						CreatedOnToolsVersion = 12.4;
						TestTargetID = 84C9D36D26042D86008D16D9;
					};
				};
			};
			buildConfigurationList = 84C9D36926042D86008D16D9 /* Build configuration list for PBXProject "Parstagram" */;
			compatibilityVersion = "Xcode 9.3";
			developmentRegion = en;
			hasScannedForEncodings = 0;
			knownRegions = (
				en,
				Base,
			);
			mainGroup = 84C9D36526042D86008D16D9;
			productRefGroup = 84C9D36F26042D86008D16D9 /* Products */;
			projectDirPath = "";
			projectRoot = "";
			targets = (
				84C9D36D26042D86008D16D9 /* Parstagram */,
				84C9D38326042D88008D16D9 /* ParstagramTests */,
				84C9D38E26042D88008D16D9 /* ParstagramUITests */,
			);
		};
/* End PBXProject section */

/* Begin PBXResourcesBuildPhase section */
		84C9D36C26042D86008D16D9 /* Resources */ = {
			isa = PBXResourcesBuildPhase;
			buildActionMask = 2147483647;
			files = (
				84C9D37E26042D87008D16D9 /* LaunchScreen.storyboard in Resources */,
				84C9D37B26042D87008D16D9 /* Assets.xcassets in Resources */,
				84C9D37926042D86008D16D9 /* Main.storyboard in Resources */,
			);
			runOnlyForDeploymentPostprocessing = 0;
		};
		84C9D38226042D88008D16D9 /* Resources */ = {
			isa = PBXResourcesBuildPhase;
			buildActionMask = 2147483647;
			files = (
			);
			runOnlyForDeploymentPostprocessing = 0;
		};
		84C9D38D26042D88008D16D9 /* Resources */ = {
			isa = PBXResourcesBuildPhase;
			buildActionMask = 2147483647;
			files = (
			);
			runOnlyForDeploymentPostprocessing = 0;
		};
/* End PBXResourcesBuildPhase section */

/* Begin PBXShellScriptBuildPhase section */
		99A0F591EA39BF2E3F33DF70 /* [CP] Check Pods Manifest.lock */ = {
			isa = PBXShellScriptBuildPhase;
			buildActionMask = 2147483647;
			files = (
			);
			inputFileListPaths = (
			);
			inputPaths = (
				"${PODS_PODFILE_DIR_PATH}/Podfile.lock",
				"${PODS_ROOT}/Manifest.lock",
			);
			name = "[CP] Check Pods Manifest.lock";
			outputFileListPaths = (
			);
			outputPaths = (
				"$(DERIVED_FILE_DIR)/Pods-Parstagram-checkManifestLockResult.txt",
			);
			runOnlyForDeploymentPostprocessing = 0;
			shellPath = /bin/sh;
			shellScript = "diff \"${PODS_PODFILE_DIR_PATH}/Podfile.lock\" \"${PODS_ROOT}/Manifest.lock\" > /dev/null\nif [ $? != 0 ] ; then\n    # print error to STDERR\n    echo \"error: The sandbox is not in sync with the Podfile.lock. Run 'pod install' or update your CocoaPods installation.\" >&2\n    exit 1\nfi\n# This output is used by Xcode 'outputs' to avoid re-running this script phase.\necho \"SUCCESS\" > \"${SCRIPT_OUTPUT_FILE_0}\"\n";
			showEnvVarsInLog = 0;
		};
		E6D54F6E40E8EDC29F42C6D1 /* [CP] Embed Pods Frameworks */ = {
			isa = PBXShellScriptBuildPhase;
			buildActionMask = 2147483647;
			files = (
			);
			inputFileListPaths = (
				"${PODS_ROOT}/Target Support Files/Pods-Parstagram/Pods-Parstagram-frameworks-${CONFIGURATION}-input-files.xcfilelist",
			);
			name = "[CP] Embed Pods Frameworks";
			outputFileListPaths = (
				"${PODS_ROOT}/Target Support Files/Pods-Parstagram/Pods-Parstagram-frameworks-${CONFIGURATION}-output-files.xcfilelist",
			);
			runOnlyForDeploymentPostprocessing = 0;
			shellPath = /bin/sh;
			shellScript = "\"${PODS_ROOT}/Target Support Files/Pods-Parstagram/Pods-Parstagram-frameworks.sh\"\n";
			showEnvVarsInLog = 0;
		};
/* End PBXShellScriptBuildPhase section */

/* Begin PBXSourcesBuildPhase section */
		84C9D36A26042D86008D16D9 /* Sources */ = {
			isa = PBXSourcesBuildPhase;
			buildActionMask = 2147483647;
			files = (
				84C9D3AF26043B2B008D16D9 /* LoginViewController.swift in Sources */,
				84C9D3B9260445ED008D16D9 /* CameraViewController.swift in Sources */,
				84C9D37226042D86008D16D9 /* AppDelegate.swift in Sources */,
				84C9D3B426043B50008D16D9 /* FeedViewController.swift in Sources */,
				84C9D37426042D86008D16D9 /* SceneDelegate.swift in Sources */,
				84C9D3C7260456C1008D16D9 /* PostCell.swift in Sources */,
				84F41797260F970E001FB342 /* CommentCell.swift in Sources */,
			);
			runOnlyForDeploymentPostprocessing = 0;
		};
		84C9D38026042D88008D16D9 /* Sources */ = {
			isa = PBXSourcesBuildPhase;
			buildActionMask = 2147483647;
			files = (
				84C9D38926042D88008D16D9 /* ParstagramTests.swift in Sources */,
			);
			runOnlyForDeploymentPostprocessing = 0;
		};
		84C9D38B26042D88008D16D9 /* Sources */ = {
			isa = PBXSourcesBuildPhase;
			buildActionMask = 2147483647;
			files = (
				84C9D39426042D88008D16D9 /* ParstagramUITests.swift in Sources */,
			);
			runOnlyForDeploymentPostprocessing = 0;
		};
/* End PBXSourcesBuildPhase section */

/* Begin PBXTargetDependency section */
		84C9D38626042D88008D16D9 /* PBXTargetDependency */ = {
			isa = PBXTargetDependency;
			target = 84C9D36D26042D86008D16D9 /* Parstagram */;
			targetProxy = 84C9D38526042D88008D16D9 /* PBXContainerItemProxy */;
		};
		84C9D39126042D88008D16D9 /* PBXTargetDependency */ = {
			isa = PBXTargetDependency;
			target = 84C9D36D26042D86008D16D9 /* Parstagram */;
			targetProxy = 84C9D39026042D88008D16D9 /* PBXContainerItemProxy */;
		};
/* End PBXTargetDependency section */

/* Begin PBXVariantGroup section */
		84C9D37726042D86008D16D9 /* Main.storyboard */ = {
			isa = PBXVariantGroup;
			children = (
				84C9D37826042D86008D16D9 /* Base */,
			);
			name = Main.storyboard;
			sourceTree = "<group>";
		};
		84C9D37C26042D87008D16D9 /* LaunchScreen.storyboard */ = {
			isa = PBXVariantGroup;
			children = (
				84C9D37D26042D87008D16D9 /* Base */,
			);
			name = LaunchScreen.storyboard;
			sourceTree = "<group>";
		};
/* End PBXVariantGroup section */

/* Begin XCBuildConfiguration section */
		84C9D39626042D88008D16D9 /* Debug */ = {
			isa = XCBuildConfiguration;
			buildSettings = {
				ALWAYS_SEARCH_USER_PATHS = NO;
				CLANG_ANALYZER_NONNULL = YES;
				CLANG_ANALYZER_NUMBER_OBJECT_CONVERSION = YES_AGGRESSIVE;
				CLANG_CXX_LANGUAGE_STANDARD = "gnu++14";
				CLANG_CXX_LIBRARY = "libc++";
				CLANG_ENABLE_MODULES = YES;
				CLANG_ENABLE_OBJC_ARC = YES;
				CLANG_ENABLE_OBJC_WEAK = YES;
				CLANG_WARN_BLOCK_CAPTURE_AUTORELEASING = YES;
				CLANG_WARN_BOOL_CONVERSION = YES;
				CLANG_WARN_COMMA = YES;
				CLANG_WARN_CONSTANT_CONVERSION = YES;
				CLANG_WARN_DEPRECATED_OBJC_IMPLEMENTATIONS = YES;
				CLANG_WARN_DIRECT_OBJC_ISA_USAGE = YES_ERROR;
				CLANG_WARN_DOCUMENTATION_COMMENTS = YES;
				CLANG_WARN_EMPTY_BODY = YES;
				CLANG_WARN_ENUM_CONVERSION = YES;
				CLANG_WARN_INFINITE_RECURSION = YES;
				CLANG_WARN_INT_CONVERSION = YES;
				CLANG_WARN_NON_LITERAL_NULL_CONVERSION = YES;
				CLANG_WARN_OBJC_IMPLICIT_RETAIN_SELF = YES;
				CLANG_WARN_OBJC_LITERAL_CONVERSION = YES;
				CLANG_WARN_OBJC_ROOT_CLASS = YES_ERROR;
				CLANG_WARN_QUOTED_INCLUDE_IN_FRAMEWORK_HEADER = YES;
				CLANG_WARN_RANGE_LOOP_ANALYSIS = YES;
				CLANG_WARN_STRICT_PROTOTYPES = YES;
				CLANG_WARN_SUSPICIOUS_MOVE = YES;
				CLANG_WARN_UNGUARDED_AVAILABILITY = YES_AGGRESSIVE;
				CLANG_WARN_UNREACHABLE_CODE = YES;
				CLANG_WARN__DUPLICATE_METHOD_MATCH = YES;
				COPY_PHASE_STRIP = NO;
				DEBUG_INFORMATION_FORMAT = dwarf;
				ENABLE_STRICT_OBJC_MSGSEND = YES;
				ENABLE_TESTABILITY = YES;
				GCC_C_LANGUAGE_STANDARD = gnu11;
				GCC_DYNAMIC_NO_PIC = NO;
				GCC_NO_COMMON_BLOCKS = YES;
				GCC_OPTIMIZATION_LEVEL = 0;
				GCC_PREPROCESSOR_DEFINITIONS = (
					"DEBUG=1",
					"$(inherited)",
				);
				GCC_WARN_64_TO_32_BIT_CONVERSION = YES;
				GCC_WARN_ABOUT_RETURN_TYPE = YES_ERROR;
				GCC_WARN_UNDECLARED_SELECTOR = YES;
				GCC_WARN_UNINITIALIZED_AUTOS = YES_AGGRESSIVE;
				GCC_WARN_UNUSED_FUNCTION = YES;
				GCC_WARN_UNUSED_VARIABLE = YES;
				IPHONEOS_DEPLOYMENT_TARGET = 14.4;
				MTL_ENABLE_DEBUG_INFO = INCLUDE_SOURCE;
				MTL_FAST_MATH = YES;
				ONLY_ACTIVE_ARCH = YES;
				SDKROOT = iphoneos;
				SWIFT_ACTIVE_COMPILATION_CONDITIONS = DEBUG;
				SWIFT_OPTIMIZATION_LEVEL = "-Onone";
			};
			name = Debug;
		};
		84C9D39726042D88008D16D9 /* Release */ = {
			isa = XCBuildConfiguration;
			buildSettings = {
				ALWAYS_SEARCH_USER_PATHS = NO;
				CLANG_ANALYZER_NONNULL = YES;
				CLANG_ANALYZER_NUMBER_OBJECT_CONVERSION = YES_AGGRESSIVE;
				CLANG_CXX_LANGUAGE_STANDARD = "gnu++14";
				CLANG_CXX_LIBRARY = "libc++";
				CLANG_ENABLE_MODULES = YES;
				CLANG_ENABLE_OBJC_ARC = YES;
				CLANG_ENABLE_OBJC_WEAK = YES;
				CLANG_WARN_BLOCK_CAPTURE_AUTORELEASING = YES;
				CLANG_WARN_BOOL_CONVERSION = YES;
				CLANG_WARN_COMMA = YES;
				CLANG_WARN_CONSTANT_CONVERSION = YES;
				CLANG_WARN_DEPRECATED_OBJC_IMPLEMENTATIONS = YES;
				CLANG_WARN_DIRECT_OBJC_ISA_USAGE = YES_ERROR;
				CLANG_WARN_DOCUMENTATION_COMMENTS = YES;
				CLANG_WARN_EMPTY_BODY = YES;
				CLANG_WARN_ENUM_CONVERSION = YES;
				CLANG_WARN_INFINITE_RECURSION = YES;
				CLANG_WARN_INT_CONVERSION = YES;
				CLANG_WARN_NON_LITERAL_NULL_CONVERSION = YES;
				CLANG_WARN_OBJC_IMPLICIT_RETAIN_SELF = YES;
				CLANG_WARN_OBJC_LITERAL_CONVERSION = YES;
				CLANG_WARN_OBJC_ROOT_CLASS = YES_ERROR;
				CLANG_WARN_QUOTED_INCLUDE_IN_FRAMEWORK_HEADER = YES;
				CLANG_WARN_RANGE_LOOP_ANALYSIS = YES;
				CLANG_WARN_STRICT_PROTOTYPES = YES;
				CLANG_WARN_SUSPICIOUS_MOVE = YES;
				CLANG_WARN_UNGUARDED_AVAILABILITY = YES_AGGRESSIVE;
				CLANG_WARN_UNREACHABLE_CODE = YES;
				CLANG_WARN__DUPLICATE_METHOD_MATCH = YES;
				COPY_PHASE_STRIP = NO;
				DEBUG_INFORMATION_FORMAT = "dwarf-with-dsym";
				ENABLE_NS_ASSERTIONS = NO;
				ENABLE_STRICT_OBJC_MSGSEND = YES;
				GCC_C_LANGUAGE_STANDARD = gnu11;
				GCC_NO_COMMON_BLOCKS = YES;
				GCC_WARN_64_TO_32_BIT_CONVERSION = YES;
				GCC_WARN_ABOUT_RETURN_TYPE = YES_ERROR;
				GCC_WARN_UNDECLARED_SELECTOR = YES;
				GCC_WARN_UNINITIALIZED_AUTOS = YES_AGGRESSIVE;
				GCC_WARN_UNUSED_FUNCTION = YES;
				GCC_WARN_UNUSED_VARIABLE = YES;
				IPHONEOS_DEPLOYMENT_TARGET = 14.4;
				MTL_ENABLE_DEBUG_INFO = NO;
				MTL_FAST_MATH = YES;
				SDKROOT = iphoneos;
				SWIFT_COMPILATION_MODE = wholemodule;
				SWIFT_OPTIMIZATION_LEVEL = "-O";
				VALIDATE_PRODUCT = YES;
			};
			name = Release;
		};
		84C9D39926042D88008D16D9 /* Debug */ = {
			isa = XCBuildConfiguration;
			baseConfigurationReference = A4FEDFA3ACA7D7A816D4CE66 /* Pods-Parstagram.debug.xcconfig */;
			buildSettings = {
				ASSETCATALOG_COMPILER_APPICON_NAME = AppIcon;
				ASSETCATALOG_COMPILER_GLOBAL_ACCENT_COLOR_NAME = AccentColor;
				CODE_SIGN_STYLE = Automatic;
				INFOPLIST_FILE = Parstagram/Info.plist;
				LD_RUNPATH_SEARCH_PATHS = (
					"$(inherited)",
					"@executable_path/Frameworks",
				);
				PRODUCT_BUNDLE_IDENTIFIER = codejeevan.Parstagram;
				PRODUCT_NAME = "$(TARGET_NAME)";
				SWIFT_VERSION = 5.0;
				TARGETED_DEVICE_FAMILY = "1,2";
			};
			name = Debug;
		};
		84C9D39A26042D88008D16D9 /* Release */ = {
			isa = XCBuildConfiguration;
			baseConfigurationReference = 3F0879905A929FF8498EBA9B /* Pods-Parstagram.release.xcconfig */;
			buildSettings = {
				ASSETCATALOG_COMPILER_APPICON_NAME = AppIcon;
				ASSETCATALOG_COMPILER_GLOBAL_ACCENT_COLOR_NAME = AccentColor;
				CODE_SIGN_STYLE = Automatic;
				INFOPLIST_FILE = Parstagram/Info.plist;
				LD_RUNPATH_SEARCH_PATHS = (
					"$(inherited)",
					"@executable_path/Frameworks",
				);
				PRODUCT_BUNDLE_IDENTIFIER = codejeevan.Parstagram;
				PRODUCT_NAME = "$(TARGET_NAME)";
				SWIFT_VERSION = 5.0;
				TARGETED_DEVICE_FAMILY = "1,2";
			};
			name = Release;
		};
		84C9D39C26042D88008D16D9 /* Debug */ = {
			isa = XCBuildConfiguration;
			buildSettings = {
				ALWAYS_EMBED_SWIFT_STANDARD_LIBRARIES = YES;
				BUNDLE_LOADER = "$(TEST_HOST)";
				CODE_SIGN_STYLE = Automatic;
				INFOPLIST_FILE = ParstagramTests/Info.plist;
				IPHONEOS_DEPLOYMENT_TARGET = 14.4;
				LD_RUNPATH_SEARCH_PATHS = (
					"$(inherited)",
					"@executable_path/Frameworks",
					"@loader_path/Frameworks",
				);
				PRODUCT_BUNDLE_IDENTIFIER = codejeevan.ParstagramTests;
				PRODUCT_NAME = "$(TARGET_NAME)";
				SWIFT_VERSION = 5.0;
				TARGETED_DEVICE_FAMILY = "1,2";
				TEST_HOST = "$(BUILT_PRODUCTS_DIR)/Parstagram.app/Parstagram";
			};
			name = Debug;
		};
		84C9D39D26042D88008D16D9 /* Release */ = {
			isa = XCBuildConfiguration;
			buildSettings = {
				ALWAYS_EMBED_SWIFT_STANDARD_LIBRARIES = YES;
				BUNDLE_LOADER = "$(TEST_HOST)";
				CODE_SIGN_STYLE = Automatic;
				INFOPLIST_FILE = ParstagramTests/Info.plist;
				IPHONEOS_DEPLOYMENT_TARGET = 14.4;
				LD_RUNPATH_SEARCH_PATHS = (
					"$(inherited)",
					"@executable_path/Frameworks",
					"@loader_path/Frameworks",
				);
				PRODUCT_BUNDLE_IDENTIFIER = codejeevan.ParstagramTests;
				PRODUCT_NAME = "$(TARGET_NAME)";
				SWIFT_VERSION = 5.0;
				TARGETED_DEVICE_FAMILY = "1,2";
				TEST_HOST = "$(BUILT_PRODUCTS_DIR)/Parstagram.app/Parstagram";
			};
			name = Release;
		};
		84C9D39F26042D88008D16D9 /* Debug */ = {
			isa = XCBuildConfiguration;
			buildSettings = {
				ALWAYS_EMBED_SWIFT_STANDARD_LIBRARIES = YES;
				CODE_SIGN_STYLE = Automatic;
				INFOPLIST_FILE = ParstagramUITests/Info.plist;
				LD_RUNPATH_SEARCH_PATHS = (
					"$(inherited)",
					"@executable_path/Frameworks",
					"@loader_path/Frameworks",
				);
				PRODUCT_BUNDLE_IDENTIFIER = codejeevan.ParstagramUITests;
				PRODUCT_NAME = "$(TARGET_NAME)";
				SWIFT_VERSION = 5.0;
				TARGETED_DEVICE_FAMILY = "1,2";
				TEST_TARGET_NAME = Parstagram;
			};
			name = Debug;
		};
		84C9D3A026042D88008D16D9 /* Release */ = {
			isa = XCBuildConfiguration;
			buildSettings = {
				ALWAYS_EMBED_SWIFT_STANDARD_LIBRARIES = YES;
				CODE_SIGN_STYLE = Automatic;
				INFOPLIST_FILE = ParstagramUITests/Info.plist;
				LD_RUNPATH_SEARCH_PATHS = (
					"$(inherited)",
					"@executable_path/Frameworks",
					"@loader_path/Frameworks",
				);
				PRODUCT_BUNDLE_IDENTIFIER = codejeevan.ParstagramUITests;
				PRODUCT_NAME = "$(TARGET_NAME)";
				SWIFT_VERSION = 5.0;
				TARGETED_DEVICE_FAMILY = "1,2";
				TEST_TARGET_NAME = Parstagram;
			};
			name = Release;
		};
/* End XCBuildConfiguration section */

/* Begin XCConfigurationList section */
		84C9D36926042D86008D16D9 /* Build configuration list for PBXProject "Parstagram" */ = {
			isa = XCConfigurationList;
			buildConfigurations = (
				84C9D39626042D88008D16D9 /* Debug */,
				84C9D39726042D88008D16D9 /* Release */,
			);
			defaultConfigurationIsVisible = 0;
			defaultConfigurationName = Release;
		};
		84C9D39826042D88008D16D9 /* Build configuration list for PBXNativeTarget "Parstagram" */ = {
			isa = XCConfigurationList;
			buildConfigurations = (
				84C9D39926042D88008D16D9 /* Debug */,
				84C9D39A26042D88008D16D9 /* Release */,
			);
			defaultConfigurationIsVisible = 0;
			defaultConfigurationName = Release;
		};
		84C9D39B26042D88008D16D9 /* Build configuration list for PBXNativeTarget "ParstagramTests" */ = {
			isa = XCConfigurationList;
			buildConfigurations = (
				84C9D39C26042D88008D16D9 /* Debug */,
				84C9D39D26042D88008D16D9 /* Release */,
			);
			defaultConfigurationIsVisible = 0;
			defaultConfigurationName = Release;
		};
		84C9D39E26042D88008D16D9 /* Build configuration list for PBXNativeTarget "ParstagramUITests" */ = {
			isa = XCConfigurationList;
			buildConfigurations = (
				84C9D39F26042D88008D16D9 /* Debug */,
				84C9D3A026042D88008D16D9 /* Release */,
			);
			defaultConfigurationIsVisible = 0;
			defaultConfigurationName = Release;
		};
/* End XCConfigurationList section */
	};
	rootObject = 84C9D36626042D86008D16D9 /* Project object */;
}
